%{"base64url": {:hex, :base64url, "0.0.1"},
  "comeonin": {:hex, :comeonin, "1.6.0"},
  "connection": {:hex, :connection, "1.0.2"},
  "cowboy": {:hex, :cowboy, "1.0.4"},
  "cowlib": {:hex, :cowlib, "1.0.2"},
  "decimal": {:hex, :decimal, "1.1.1"},
  "ecto": {:hex, :ecto, "1.1.1"},
  "fs": {:hex, :fs, "0.9.2"},
  "guardian": {:hex, :guardian, "0.8.1"},
  "jose": {:hex, :jose, "1.4.2"},
  "phoenix": {:hex, :phoenix, "1.1.1"},
  "phoenix_ecto": {:hex, :phoenix_ecto, "2.0.0"},
  "phoenix_html": {:hex, :phoenix_html, "2.3.0"},
  "phoenix_live_reload": {:hex, :phoenix_live_reload, "1.0.1"},
  "plug": {:hex, :plug, "1.0.3"},
  "poison": {:hex, :poison, "1.5.0"},
  "poolboy": {:hex, :poolboy, "1.5.1"},
  "postgrex": {:hex, :postgrex, "0.10.0"},
  "ranch": {:hex, :ranch, "1.2.0"},
  "uuid": {:hex, :uuid, "1.1.2"}}
